// !$*UTF8*$!
{
	archiveVersion = 1;
	classes = {
	};
	objectVersion = 110;
	objects = {

/* Begin PBXBuildFile section */
		07402B7E306725B300E1F299 /* WalkPadSteps Watch App.app in Embed Watch Content */ = {isa = PBXBuildFile; fileRef = 07402B7D306725B300E1F299 /* WalkPadSteps Watch App.app */; settings = {ATTRIBUTES = (RemoveHeadersOnCopy, ); }; };
/* End PBXBuildFile section */

/* Begin PBXContainerItemProxy section */
		07402B7F306725B300E1F299 /* PBXContainerItemProxy */ = {
			isa = PBXContainerItemProxy;
			containerPortal = 07402B71306725B300E1F299 /* Project object */;
			proxyType = 1;
			remoteGlobalIDString = 07402B7C306725B300E1F299;
			remoteInfo = "WalkPadSteps Watch App";
		};
/* End PBXContainerItemProxy section */

/* Begin PBXCopyFilesBuildPhase section */
		07402B8D306725B400E1F299 /* Embed Watch Content */ = {
			isa = PBXCopyFilesBuildPhase;
			dstPath = "$(CONTENTS_FOLDER_PATH)/Watch";
			dstSubfolder = Product;
			files = (
				07402B7E306725B300E1F299 /* WalkPadSteps Watch App.app in Embed Watch Content */,
			);
			name = "Embed Watch Content";
		};
/* End PBXCopyFilesBuildPhase section */

/* Begin PBXFileReference section */
		07402B77306725B300E1F299 /* WalkPadSteps.app */ = {isa = PBXFileReference; explicitFileType = wrapper.application; includeInIndex = 0; path = WalkPadSteps.app; sourceTree = BUILT_PRODUCTS_DIR; };
		07402B7D306725B300E1F299 /* WalkPadSteps Watch App.app */ = {isa = PBXFileReference; explicitFileType = wrapper.application; includeInIndex = 0; path = "WalkPadSteps Watch App.app"; sourceTree = BUILT_PRODUCTS_DIR; };
		07402B9F3067294700E1F299 /* WalkPadSteps-Watch-App-Info.plist */ = {isa = PBXFileReference; lastKnownFileType = text.plist; path = "WalkPadSteps-Watch-App-Info.plist"; sourceTree = "<group>"; };
/* End PBXFileReference section */

/* Begin PBXFileSystemSynchronizedRootGroup section */
		07402B81306725B300E1F299 /* WalkPadSteps Watch App */ = {
			isa = PBXFileSystemSynchronizedRootGroup;
			path = "WalkPadSteps Watch App";
			sourceTree = "<group>";
		};
/* End PBXFileSystemSynchronizedRootGroup section */

/* Begin PBXFrameworksBuildPhase section */
		07402B7A306725B300E1F299 /* Frameworks */ = {
			isa = PBXFrameworksBuildPhase;
			files = (
			);
		};
/* End PBXFrameworksBuildPhase section */

/* Begin PBXGroup section */
		07402B70306725B300E1F299 = {
			isa = PBXGroup;
			children = (
				07402B9F3067294700E1F299 /* WalkPadSteps-Watch-App-Info.plist */,
				07402B81306725B300E1F299 /* WalkPadSteps Watch App */,
				07402B78306725B300E1F299 /* Products */,
			);
			sourceTree = "<group>";
		};
		07402B78306725B300E1F299 /* Products */ = {
			isa = PBXGroup;
			children = (
				07402B77306725B300E1F299 /* WalkPadSteps.app */,
				07402B7D306725B300E1F299 /* WalkPadSteps Watch App.app */,
			);
			name = Products;
			sourceTree = "<group>";
		};
/* End PBXGroup section */

/* Begin PBXNativeTarget section */
		07402B76306725B300E1F299 /* WalkPadSteps */ = {
			isa = PBXNativeTarget;
			buildConfigurationList = 07402B8E306725B400E1F299 /* Build configuration list for PBXNativeTarget "WalkPadSteps" */;
			buildPhases = (
				07402B75306725B300E1F299 /* Resources */,
				07402B8D306725B400E1F299 /* Embed Watch Content */,
			);
			buildRules = (
			);
			dependencies = (
				07402B80306725B300E1F299 /* PBXTargetDependency */,
			);
			name = WalkPadSteps;
			productName = WalkPadSteps;
			productReference = 07402B77306725B300E1F299 /* WalkPadSteps.app */;
			productType = "com.apple.product-type.application.watchapp2-container";
		};
		07402B7C306725B300E1F299 /* WalkPadSteps Watch App */ = {
			isa = PBXNativeTarget;
			buildConfigurationList = 07402B8A306725B400E1F299 /* Build configuration list for PBXNativeTarget "WalkPadSteps Watch App" */;
			buildPhases = (
				07402B79306725B300E1F299 /* Sources */,
				07402B7A306725B300E1F299 /* Frameworks */,
				07402B7B306725B300E1F299 /* Resources */,
			);
			buildRules = (
			);
			fileSystemSynchronizedGroups = (
				07402B81306725B300E1F299 /* WalkPadSteps Watch App */,
			);
			name = "WalkPadSteps Watch App";
			productName = "WalkPadSteps Watch App";
			productReference = 07402B7D306725B300E1F299 /* WalkPadSteps Watch App.app */;
			productType = "com.apple.product-type.application";
		};
/* End PBXNativeTarget section */

/* Begin PBXProject section */
		07402B71306725B300E1F299 /* Project object */ = {
			isa = PBXProject;
			attributes = {
				BuildIndependentTargetsInParallel = 1;
				LastSwiftUpdateCheck = 2700;
				LastUpgradeCheck = 2700;
				TargetAttributes = {
					07402B76306725B300E1F299 = {
						CreatedOnToolsVersion = 27.0;
					};
					07402B7C306725B300E1F299 = {
						CreatedOnToolsVersion = 27.0;
					};
				};
			};
			buildConfigurationList = 07402B74306725B300E1F299 /* Build configuration list for PBXProject "WalkPadSteps" */;
			developmentRegion = en;
			hasScannedForEncodings = 0;
			knownRegions = (
				en,
				Base,
			);
			mainGroup = 07402B70306725B300E1F299;
			minimizedProjectReferenceProxies = 1;
			preferredProjectObjectVersion = 77;
			productRefGroup = 07402B78306725B300E1F299 /* Products */;
			projectDirPath = "";
			projectRoot = "";
			targets = (
				07402B76306725B300E1F299 /* WalkPadSteps */,
				07402B7C306725B300E1F299 /* WalkPadSteps Watch App */,
			);
		};
/* End PBXProject section */

/* Begin PBXResourcesBuildPhase section */
		07402B75306725B300E1F299 /* Resources */ = {
			isa = PBXResourcesBuildPhase;
			files = (
			);
		};
		07402B7B306725B300E1F299 /* Resources */ = {
			isa = PBXResourcesBuildPhase;
			files = (
			);
		};
/* End PBXResourcesBuildPhase section */

/* Begin PBXSourcesBuildPhase section */
		07402B79306725B300E1F299 /* Sources */ = {
			isa = PBXSourcesBuildPhase;
			files = (
			);
		};
/* End PBXSourcesBuildPhase section */

/* Begin PBXTargetDependency section */
		07402B80306725B300E1F299 /* PBXTargetDependency */ = {
			isa = PBXTargetDependency;
			target = 07402B7C306725B300E1F299 /* WalkPadSteps Watch App */;
			targetProxy = 07402B7F306725B300E1F299 /* PBXContainerItemProxy */;
		};
/* End PBXTargetDependency section */

/* Begin XCBuildConfiguration section */
		07402B88306725B400E1F299 /* Debug configuration for PBXProject "WalkPadSteps" */ = {
			isa = XCBuildConfiguration;
			buildSettings = {
				ALWAYS_SEARCH_USER_PATHS = NO;
				ASSETCATALOG_COMPILER_GENERATE_SWIFT_ASSET_SYMBOL_EXTENSIONS = YES;
				CLANG_ANALYZER_NONNULL = YES;
				CLANG_ANALYZER_NUMBER_OBJECT_CONVERSION = YES_AGGRESSIVE;
				CLANG_CXX_LANGUAGE_STANDARD = "gnu++20";
				CLANG_ENABLE_MODULES = YES;
				CLANG_ENABLE_OBJC_ARC = YES;
				CLANG_ENABLE_OBJC_WEAK = YES;
				CLANG_WARN_BLOCK_CAPTURE_AUTORELEASING = YES;
				CLANG_WARN_BOOL_CONVERSION = YES;
				CLANG_WARN_COMMA = YES;
				CLANG_WARN_CONSTANT_CONVERSION = YES;
				CLANG_WARN_DEPRECATED_OBJC_IMPLEMENTATIONS = YES;
				CLANG_WARN_DIRECT_OBJC_ISA_USAGE = YES_ERROR;
				CLANG_WARN_DOCUMENTATION_COMMENTS = YES;
				CLANG_WARN_EMPTY_BODY = YES;
				CLANG_WARN_ENUM_CONVERSION = YES;
				CLANG_WARN_INFINITE_RECURSION = YES;
				CLANG_WARN_INT_CONVERSION = YES;
				CLANG_WARN_NON_LITERAL_NULL_CONVERSION = YES;
				CLANG_WARN_OBJC_IMPLICIT_RETAIN_SELF = YES;
				CLANG_WARN_OBJC_LITERAL_CONVERSION = YES;
				CLANG_WARN_OBJC_ROOT_CLASS = YES_ERROR;
				CLANG_WARN_QUOTED_INCLUDE_IN_FRAMEWORK_HEADER = YES;
				CLANG_WARN_RANGE_LOOP_ANALYSIS = YES;
				CLANG_WARN_STRICT_PROTOTYPES = YES;
				CLANG_WARN_SUSPICIOUS_MOVE = YES;
				CLANG_WARN_UNGUARDED_AVAILABILITY = YES_AGGRESSIVE;
				CLANG_WARN_UNREACHABLE_CODE = YES;
				CLANG_WARN__DUPLICATE_METHOD_MATCH = YES;
				COPY_PHASE_STRIP = NO;
				DEBUG_INFORMATION_FORMAT = dwarf;
				ENABLE_STRICT_OBJC_MSGSEND = YES;
				ENABLE_TESTABILITY = YES;
				ENABLE_USER_SCRIPT_SANDBOXING = YES;
				GCC_C_LANGUAGE_STANDARD = gnu17;
				GCC_DYNAMIC_NO_PIC = NO;
				GCC_NO_COMMON_BLOCKS = YES;
				GCC_OPTIMIZATION_LEVEL = 0;
				GCC_PREPROCESSOR_DEFINITIONS = (
					"DEBUG=1",
					"$(inherited)",
				);
				GCC_WARN_64_TO_32_BIT_CONVERSION = YES;
				GCC_WARN_ABOUT_RETURN_TYPE = YES_ERROR;
				GCC_WARN_UNDECLARED_SELECTOR = YES;
				GCC_WARN_UNINITIALIZED_AUTOS = YES_AGGRESSIVE;
				GCC_WARN_UNUSED_FUNCTION = YES;
				GCC_WARN_UNUSED_VARIABLE = YES;
				LOCALIZATION_PREFERS_STRING_CATALOGS = YES;
				MTL_ENABLE_DEBUG_INFO = INCLUDE_SOURCE;
				MTL_FAST_MATH = YES;
				ONLY_ACTIVE_ARCH = YES;
				SWIFT_ACTIVE_COMPILATION_CONDITIONS = "DEBUG $(inherited)";
				SWIFT_OPTIMIZATION_LEVEL = "-Onone";
			};
			name = Debug;
		};
		07402B89306725B400E1F299 /* Release configuration for PBXProject "WalkPadSteps" */ = {
			isa = XCBuildConfiguration;
			buildSettings = {
				ALWAYS_SEARCH_USER_PATHS = NO;
				ASSETCATALOG_COMPILER_GENERATE_SWIFT_ASSET_SYMBOL_EXTENSIONS = YES;
				CLANG_ANALYZER_NONNULL = YES;
				CLANG_ANALYZER_NUMBER_OBJECT_CONVERSION = YES_AGGRESSIVE;
				CLANG_CXX_LANGUAGE_STANDARD = "gnu++20";
				CLANG_ENABLE_MODULES = YES;
				CLANG_ENABLE_OBJC_ARC = YES;
				CLANG_ENABLE_OBJC_WEAK = YES;
				CLANG_WARN_BLOCK_CAPTURE_AUTORELEASING = YES;
				CLANG_WARN_BOOL_CONVERSION = YES;
				CLANG_WARN_COMMA = YES;
				CLANG_WARN_CONSTANT_CONVERSION = YES;
				CLANG_WARN_DEPRECATED_OBJC_IMPLEMENTATIONS = YES;
				CLANG_WARN_DIRECT_OBJC_ISA_USAGE = YES_ERROR;
				CLANG_WARN_DOCUMENTATION_COMMENTS = YES;
				CLANG_WARN_EMPTY_BODY = YES;
				CLANG_WARN_ENUM_CONVERSION = YES;
				CLANG_WARN_INFINITE_RECURSION = YES;
				CLANG_WARN_INT_CONVERSION = YES;
				CLANG_WARN_NON_LITERAL_NULL_CONVERSION = YES;
				CLANG_WARN_OBJC_IMPLICIT_RETAIN_SELF = YES;
				CLANG_WARN_OBJC_LITERAL_CONVERSION = YES;
				CLANG_WARN_OBJC_ROOT_CLASS = YES_ERROR;
				CLANG_WARN_QUOTED_INCLUDE_IN_FRAMEWORK_HEADER = YES;
				CLANG_WARN_RANGE_LOOP_ANALYSIS = YES;
				CLANG_WARN_STRICT_PROTOTYPES = YES;
				CLANG_WARN_SUSPICIOUS_MOVE = YES;
				CLANG_WARN_UNGUARDED_AVAILABILITY = YES_AGGRESSIVE;
				CLANG_WARN_UNREACHABLE_CODE = YES;
				CLANG_WARN__DUPLICATE_METHOD_MATCH = YES;
				COPY_PHASE_STRIP = NO;
				DEBUG_INFORMATION_FORMAT = "dwarf-with-dsym";
				ENABLE_NS_ASSERTIONS = NO;
				ENABLE_STRICT_OBJC_MSGSEND = YES;
				ENABLE_USER_SCRIPT_SANDBOXING = YES;
				GCC_C_LANGUAGE_STANDARD = gnu17;
				GCC_NO_COMMON_BLOCKS = YES;
				GCC_WARN_64_TO_32_BIT_CONVERSION = YES;
				GCC_WARN_ABOUT_RETURN_TYPE = YES_ERROR;
				GCC_WARN_UNDECLARED_SELECTOR = YES;
				GCC_WARN_UNINITIALIZED_AUTOS = YES_AGGRESSIVE;
				GCC_WARN_UNUSED_FUNCTION = YES;
				GCC_WARN_UNUSED_VARIABLE = YES;
				LOCALIZATION_PREFERS_STRING_CATALOGS = YES;
				MTL_ENABLE_DEBUG_INFO = NO;
				MTL_FAST_MATH = YES;
				SWIFT_COMPILATION_MODE = wholemodule;
			};
			name = Release;
		};
		07402B8B306725B400E1F299 /* Debug configuration for PBXNativeTarget "WalkPadSteps Watch App" */ = {
			isa = XCBuildConfiguration;
			buildSettings = {
				ASSETCATALOG_COMPILER_APPICON_NAME = AppIcon;
				ASSETCATALOG_COMPILER_GLOBAL_ACCENT_COLOR_NAME = AccentColor;
				CODE_SIGN_ENTITLEMENTS = "WalkPadSteps Watch App/WalkPadSteps Watch App.entitlements";
				CODE_SIGN_IDENTITY = "Apple Development";
				CODE_SIGN_STYLE = Automatic;
				CURRENT_PROJECT_VERSION = 1;
				DEVELOPMENT_TEAM = L67U7RM6K4;
				ENABLE_PREVIEWS = YES;
				GENERATE_INFOPLIST_FILE = YES;
				INFOPLIST_FILE = "WalkPadSteps-Watch-App-Info.plist";
				INFOPLIST_KEY_CFBundleDisplayName = WalkPadSteps;
				INFOPLIST_KEY_NSHealthShareUsageDescription = "Used to read step, heart rate and calorie data for your walking pad sessions.";
				INFOPLIST_KEY_NSHealthUpdateUsageDescription = "Used to save step, heart rate and calorie data from your walking pad sessions to Health.";
				INFOPLIST_KEY_UISupportedInterfaceOrientations = "UIInterfaceOrientationPortrait UIInterfaceOrientationPortraitUpsideDown";
				INFOPLIST_KEY_WKWatchOnly = YES;
				LD_RUNPATH_SEARCH_PATHS = (
					"$(inherited)",
					"@executable_path/Frameworks",
				);
				MARKETING_VERSION = 1.0;
				PRODUCT_BUNDLE_IDENTIFIER = bandit.WalkPadSteps.watchkitapp;
				PRODUCT_NAME = "$(TARGET_NAME)";
				PROVISIONING_PROFILE_SPECIFIER = "";
				SDKROOT = watchos;
				SKIP_INSTALL = YES;
				STRING_CATALOG_GENERATE_SYMBOLS = YES;
				SWIFT_APPROACHABLE_CONCURRENCY = YES;
				SWIFT_DEFAULT_ACTOR_ISOLATION = MainActor;
				SWIFT_EMIT_LOC_STRINGS = YES;
				SWIFT_UPCOMING_FEATURE_MEMBER_IMPORT_VISIBILITY = YES;
				SWIFT_VERSION = 5.0;
				TARGETED_DEVICE_FAMILY = 4;
				WATCHOS_DEPLOYMENT_TARGET = 27.0;
			};
			name = Debug;
		};
		07402B8C306725B400E1F299 /* Release configuration for PBXNativeTarget "WalkPadSteps Watch App" */ = {
			isa = XCBuildConfiguration;
			buildSettings = {
				ASSETCATALOG_COMPILER_APPICON_NAME = AppIcon;
				ASSETCATALOG_COMPILER_GLOBAL_ACCENT_COLOR_NAME = AccentColor;
				CODE_SIGN_ENTITLEMENTS = "WalkPadSteps Watch App/WalkPadSteps Watch App.entitlements";
				CODE_SIGN_IDENTITY = "Apple Development";
				CODE_SIGN_STYLE = Automatic;
				CURRENT_PROJECT_VERSION = 1;
				DEVELOPMENT_TEAM = L67U7RM6K4;
				ENABLE_PREVIEWS = YES;
				GENERATE_INFOPLIST_FILE = YES;
				INFOPLIST_FILE = "WalkPadSteps-Watch-App-Info.plist";
				INFOPLIST_KEY_CFBundleDisplayName = WalkPadSteps;
				INFOPLIST_KEY_NSHealthShareUsageDescription = "Used to read step, heart rate and calorie data for your walking pad sessions.";
				INFOPLIST_KEY_NSHealthUpdateUsageDescription = "Used to save step, heart rate and calorie data from your walking pad sessions to Health.";
				INFOPLIST_KEY_UISupportedInterfaceOrientations = "UIInterfaceOrientationPortrait UIInterfaceOrientationPortraitUpsideDown";
				INFOPLIST_KEY_WKWatchOnly = YES;
				LD_RUNPATH_SEARCH_PATHS = (
					"$(inherited)",
					"@executable_path/Frameworks",
				);
				MARKETING_VERSION = 1.0;
				PRODUCT_BUNDLE_IDENTIFIER = bandit.WalkPadSteps.watchkitapp;
				PRODUCT_NAME = "$(TARGET_NAME)";
				PROVISIONING_PROFILE_SPECIFIER = "";
				SDKROOT = watchos;
				SKIP_INSTALL = YES;
				STRING_CATALOG_GENERATE_SYMBOLS = YES;
				SWIFT_APPROACHABLE_CONCURRENCY = YES;
				SWIFT_DEFAULT_ACTOR_ISOLATION = MainActor;
				SWIFT_EMIT_LOC_STRINGS = YES;
				SWIFT_UPCOMING_FEATURE_MEMBER_IMPORT_VISIBILITY = YES;
				SWIFT_VERSION = 5.0;
				TARGETED_DEVICE_FAMILY = 4;
				VALIDATE_PRODUCT = YES;
				WATCHOS_DEPLOYMENT_TARGET = 27.0;
			};
			name = Release;
		};
		07402B8F306725B400E1F299 /* Debug configuration for PBXNativeTarget "WalkPadSteps" */ = {
			isa = XCBuildConfiguration;
			buildSettings = {
				CODE_SIGN_STYLE = Automatic;
				CURRENT_PROJECT_VERSION = 1;
				DEVELOPMENT_TEAM = L67U7RM6K4;
				INFOPLIST_KEY_CFBundleDisplayName = WalkPadSteps;
				IPHONEOS_DEPLOYMENT_TARGET = 27.0;
				MARKETING_VERSION = 1.0;
				PRODUCT_BUNDLE_IDENTIFIER = bandit.WalkPadSteps;
				PRODUCT_NAME = "$(TARGET_NAME)";
				SDKROOT = iphoneos;
				SWIFT_APPROACHABLE_CONCURRENCY = YES;
				SWIFT_UPCOMING_FEATURE_MEMBER_IMPORT_VISIBILITY = YES;
				SWIFT_VERSION = 5.0;
			};
			name = Debug;
		};
		07402B90306725B400E1F299 /* Release configuration for PBXNativeTarget "WalkPadSteps" */ = {
			isa = XCBuildConfiguration;
			buildSettings = {
				CODE_SIGN_STYLE = Automatic;
				CURRENT_PROJECT_VERSION = 1;
				DEVELOPMENT_TEAM = L67U7RM6K4;
				INFOPLIST_KEY_CFBundleDisplayName = WalkPadSteps;
				IPHONEOS_DEPLOYMENT_TARGET = 27.0;
				MARKETING_VERSION = 1.0;
				PRODUCT_BUNDLE_IDENTIFIER = bandit.WalkPadSteps;
				PRODUCT_NAME = "$(TARGET_NAME)";
				SDKROOT = iphoneos;
				SWIFT_APPROACHABLE_CONCURRENCY = YES;
				SWIFT_UPCOMING_FEATURE_MEMBER_IMPORT_VISIBILITY = YES;
				SWIFT_VERSION = 5.0;
				VALIDATE_PRODUCT = YES;
			};
			name = Release;
		};
/* End XCBuildConfiguration section */

/* Begin XCConfigurationList section */
		07402B74306725B300E1F299 /* Build configuration list for PBXProject "WalkPadSteps" */ = {
			isa = XCConfigurationList;
			buildConfigurations = (
				07402B88306725B400E1F299 /* Debug configuration for PBXProject "WalkPadSteps" */,
				07402B89306725B400E1F299 /* Release configuration for PBXProject "WalkPadSteps" */,
			);
			defaultConfigurationName = Release;
		};
		07402B8A306725B400E1F299 /* Build configuration list for PBXNativeTarget "WalkPadSteps Watch App" */ = {
			isa = XCConfigurationList;
			buildConfigurations = (
				07402B8B306725B400E1F299 /* Debug configuration for PBXNativeTarget "WalkPadSteps Watch App" */,
				07402B8C306725B400E1F299 /* Release configuration for PBXNativeTarget "WalkPadSteps Watch App" */,
			);
			defaultConfigurationName = Release;
		};
		07402B8E306725B400E1F299 /* Build configuration list for PBXNativeTarget "WalkPadSteps" */ = {
			isa = XCConfigurationList;
			buildConfigurations = (
				07402B8F306725B400E1F299 /* Debug configuration for PBXNativeTarget "WalkPadSteps" */,
				07402B90306725B400E1F299 /* Release configuration for PBXNativeTarget "WalkPadSteps" */,
			);
			defaultConfigurationName = Release;
		};
/* End XCConfigurationList section */
	};
	rootObject = 07402B71306725B300E1F299 /* Project object */;
	validationLevel = 1;
}
